
Microsoft Visual Studio Solution File, Format Version 12.00
# Visual Studio Version 16
VisualStudioVersion = 16.0.31321.278
MinimumVisualStudioVersion = 10.0.40219.1
Project("{FAE04EC0-301F-11D3-BF4B-00C04F79EFBC}") = "Prioritizer", "Prioritizer\Prioritizer.csproj", "{6F461A44-C4FD-4AF5-9BD7-D2825D1A94EB}"
EndProject
Global
	GlobalSection(SolutionConfigurationPlatforms) = preSolution
		Debug|Any CPU = Debug|Any CPU
		Release|Any CPU = Release|Any CPU
	EndGlobalSection
	GlobalSection(ProjectConfigurationPlatforms) = postSolution
		{6F461A44-C4FD-4AF5-9BD7-D2825D1A94EB}.Debug|Any CPU.ActiveCfg = Debug|Any CPU
		{6F461A44-C4FD-4AF5-9BD7-D2825D1A94EB}.Debug|Any CPU.Build.0 = Debug|Any CPU
		{6F461A44-C4FD-4AF5-9BD7-D2825D1A94EB}.Release|Any CPU.ActiveCfg = Release|Any CPU
		{6F461A44-C4FD-4AF5-9BD7-D2825D1A94EB}.Release|Any CPU.Build.0 = Release|Any CPU
	EndGlobalSection
	GlobalSection(SolutionProperties) = preSolution
		HideSolutionNode = FALSE
	EndGlobalSection
	GlobalSection(ExtensibilityGlobals) = postSolution
		SolutionGuid = {33E5C223-A154-42C1-B6BD-DABE5F6C3C3A}
	EndGlobalSection
EndGlobal
